
Microsoft Visual Studio Solution File, Format Version 12.00
# Visual Studio Version 16
VisualStudioVersion = 16.0.31112.23
MinimumVisualStudioVersion = 10.0.40219.1
Project("{FAE04EC0-301F-11D3-BF4B-00C04F79EFBC}") = "zaruygulamasıoyunu", "zaruygulamasıoyunu\zaruygulamasıoyunu.csproj", "{DCF4E69A-E839-4272-9CED-89FB57E772E5}"
EndProject
Global
	GlobalSection(SolutionConfigurationPlatforms) = preSolution
		Debug|Any CPU = Debug|Any CPU
		Release|Any CPU = Release|Any CPU
	EndGlobalSection
	GlobalSection(ProjectConfigurationPlatforms) = postSolution
		{DCF4E69A-E839-4272-9CED-89FB57E772E5}.Debug|Any CPU.ActiveCfg = Debug|Any CPU
		{DCF4E69A-E839-4272-9CED-89FB57E772E5}.Debug|Any CPU.Build.0 = Debug|Any CPU
		{DCF4E69A-E839-4272-9CED-89FB57E772E5}.Release|Any CPU.ActiveCfg = Release|Any CPU
		{DCF4E69A-E839-4272-9CED-89FB57E772E5}.Release|Any CPU.Build.0 = Release|Any CPU
	EndGlobalSection
	GlobalSection(SolutionProperties) = preSolution
		HideSolutionNode = FALSE
	EndGlobalSection
	GlobalSection(ExtensibilityGlobals) = postSolution
		SolutionGuid = {A6D12EC7-45AA-485A-ACEB-A6DFD3C87DA7}
	EndGlobalSection
EndGlobal
