
Microsoft Visual Studio Solution File, Format Version 12.00
# Visual Studio Version 16
VisualStudioVersion = 16.0.31112.23
MinimumVisualStudioVersion = 10.0.40219.1
Project("{FAE04EC0-301F-11D3-BF4B-00C04F79EFBC}") = "bilgiyarismasi", "bilgiyarismasi\bilgiyarismasi.csproj", "{0E4B7B13-A7F9-404B-B875-CD16333CFB09}"
EndProject
Global
	GlobalSection(SolutionConfigurationPlatforms) = preSolution
		Debug|Any CPU = Debug|Any CPU
		Release|Any CPU = Release|Any CPU
	EndGlobalSection
	GlobalSection(ProjectConfigurationPlatforms) = postSolution
		{0E4B7B13-A7F9-404B-B875-CD16333CFB09}.Debug|Any CPU.ActiveCfg = Debug|Any CPU
		{0E4B7B13-A7F9-404B-B875-CD16333CFB09}.Debug|Any CPU.Build.0 = Debug|Any CPU
		{0E4B7B13-A7F9-404B-B875-CD16333CFB09}.Release|Any CPU.ActiveCfg = Release|Any CPU
		{0E4B7B13-A7F9-404B-B875-CD16333CFB09}.Release|Any CPU.Build.0 = Release|Any CPU
	EndGlobalSection
	GlobalSection(SolutionProperties) = preSolution
		HideSolutionNode = FALSE
	EndGlobalSection
	GlobalSection(ExtensibilityGlobals) = postSolution
		SolutionGuid = {D5C1FEC1-555B-4C29-8F09-A89D72537F89}
	EndGlobalSection
EndGlobal
