
Microsoft Visual Studio Solution File, Format Version 12.00
# Visual Studio Version 16
VisualStudioVersion = 16.0.31112.23
MinimumVisualStudioVersion = 10.0.40219.1
Project("{FAE04EC0-301F-11D3-BF4B-00C04F79EFBC}") = "radyouygulaması", "radyouygulaması\radyouygulaması.csproj", "{E255B7CA-2AC8-40B7-89CD-B87439A834E6}"
EndProject
Global
	GlobalSection(SolutionConfigurationPlatforms) = preSolution
		Debug|Any CPU = Debug|Any CPU
		Release|Any CPU = Release|Any CPU
	EndGlobalSection
	GlobalSection(ProjectConfigurationPlatforms) = postSolution
		{E255B7CA-2AC8-40B7-89CD-B87439A834E6}.Debug|Any CPU.ActiveCfg = Debug|Any CPU
		{E255B7CA-2AC8-40B7-89CD-B87439A834E6}.Debug|Any CPU.Build.0 = Debug|Any CPU
		{E255B7CA-2AC8-40B7-89CD-B87439A834E6}.Release|Any CPU.ActiveCfg = Release|Any CPU
		{E255B7CA-2AC8-40B7-89CD-B87439A834E6}.Release|Any CPU.Build.0 = Release|Any CPU
	EndGlobalSection
	GlobalSection(SolutionProperties) = preSolution
		HideSolutionNode = FALSE
	EndGlobalSection
	GlobalSection(ExtensibilityGlobals) = postSolution
		SolutionGuid = {BA06E1E5-1920-46A2-B173-9B9879B65DF5}
	EndGlobalSection
EndGlobal
